
Microsoft Visual Studio Solution File, Format Version 12.00
# Visual Studio Version 17
Project("{8BC9CEB8-8B4A-11D0-8D11-00A0C91BC942}") = "Generic_UI_for_Csound", "WwisePlugin\Generic_UI_for_Csound_Authoring_Windows_vc170.vcxproj", "{C43BBE98-DF93-1801-2D81-222C60277BDE}"
	ProjectSection(ProjectDependencies) = postProject
		{AA160328-7CAD-EE5E-B1A2-BD429F9980A4} = {AA160328-7CAD-EE5E-B1A2-BD429F9980A4}
	EndProjectSection
EndProject
Project("{8BC9CEB8-8B4A-11D0-8D11-00A0C91BC942}") = "Generic_UI_for_CsoundSource", "SoundEnginePlugin\Generic_UI_for_Csound_Windows_vc170_static.vcxproj", "{AA160328-7CAD-EE5E-B1A2-BD429F9980A4}"
EndProject
Global
	GlobalSection(SolutionConfigurationPlatforms) = preSolution
		Debug|Win32 = Debug|Win32
		Debug|x64 = Debug|x64
		Release|Win32 = Release|Win32
		Release|x64 = Release|x64
	EndGlobalSection
	GlobalSection(ProjectConfigurationPlatforms) = postSolution
		{C43BBE98-DF93-1801-2D81-222C60277BDE}.Debug|Win32.ActiveCfg = Debug|Win32
		{C43BBE98-DF93-1801-2D81-222C60277BDE}.Debug|Win32.Build.0 = Debug|Win32
		{C43BBE98-DF93-1801-2D81-222C60277BDE}.Debug|x64.ActiveCfg = Debug|x64
		{C43BBE98-DF93-1801-2D81-222C60277BDE}.Debug|x64.Build.0 = Debug|x64
		{C43BBE98-DF93-1801-2D81-222C60277BDE}.Release|Win32.ActiveCfg = Release|Win32
		{C43BBE98-DF93-1801-2D81-222C60277BDE}.Release|Win32.Build.0 = Release|Win32
		{C43BBE98-DF93-1801-2D81-222C60277BDE}.Release|x64.ActiveCfg = Release|x64
		{C43BBE98-DF93-1801-2D81-222C60277BDE}.Release|x64.Build.0 = Release|x64
		{AA160328-7CAD-EE5E-B1A2-BD429F9980A4}.Debug|Win32.ActiveCfg = Debug|Win32
		{AA160328-7CAD-EE5E-B1A2-BD429F9980A4}.Debug|Win32.Build.0 = Debug|Win32
		{AA160328-7CAD-EE5E-B1A2-BD429F9980A4}.Debug|x64.ActiveCfg = Debug|x64
		{AA160328-7CAD-EE5E-B1A2-BD429F9980A4}.Debug|x64.Build.0 = Debug|x64
		{AA160328-7CAD-EE5E-B1A2-BD429F9980A4}.Release|Win32.ActiveCfg = Profile|Win32
		{AA160328-7CAD-EE5E-B1A2-BD429F9980A4}.Release|Win32.Build.0 = Profile|Win32
		{AA160328-7CAD-EE5E-B1A2-BD429F9980A4}.Release|x64.ActiveCfg = Profile|x64
		{AA160328-7CAD-EE5E-B1A2-BD429F9980A4}.Release|x64.Build.0 = Profile|x64
	EndGlobalSection
	GlobalSection(SolutionProperties) = preSolution
		HideSolutionNode = FALSE
	EndGlobalSection
EndGlobal
